
Microsoft Visual Studio Solution File, Format Version 12.00
# Visual Studio Version 17
VisualStudioVersion = 17.13.35913.81 d17.13
MinimumVisualStudioVersion = 10.0.40219.1
Project("{FAE04EC0-301F-11D3-BF4B-00C04F79EFBC}") = "dcucountdown", "dcucountdown\dcucountdown.csproj", "{634300A9-9710-D938-E88A-6DD1811CAF53}"
EndProject
Global
	GlobalSection(SolutionConfigurationPlatforms) = preSolution
		Debug|Any CPU = Debug|Any CPU
		Release|Any CPU = Release|Any CPU
	EndGlobalSection
	GlobalSection(ProjectConfigurationPlatforms) = postSolution
		{634300A9-9710-D938-E88A-6DD1811CAF53}.Debug|Any CPU.ActiveCfg = Debug|Any CPU
		{634300A9-9710-D938-E88A-6DD1811CAF53}.Debug|Any CPU.Build.0 = Debug|Any CPU
		{634300A9-9710-D938-E88A-6DD1811CAF53}.Release|Any CPU.ActiveCfg = Release|Any CPU
		{634300A9-9710-D938-E88A-6DD1811CAF53}.Release|Any CPU.Build.0 = Release|Any CPU
	EndGlobalSection
	GlobalSection(SolutionProperties) = preSolution
		HideSolutionNode = FALSE
	EndGlobalSection
	GlobalSection(ExtensibilityGlobals) = postSolution
		SolutionGuid = {D568E056-A252-4A3D-9E2B-0599902D4B2F}
	EndGlobalSection
EndGlobal
